
Microsoft Visual Studio Solution File, Format Version 12.00
# Visual Studio Version 17
VisualStudioVersion = 17.11.35222.181
MinimumVisualStudioVersion = 10.0.40219.1
Project("{9A19103F-16F7-4668-BE54-9A1E7A4F7556}") = "TestDemo", "TestDemo\TestDemo.csproj", "{74AA28CA-D5EE-479A-A2DA-605D9A535D03}"
EndProject
Project("{9A19103F-16F7-4668-BE54-9A1E7A4F7556}") = "DartTournament.Domain", "DartTournament.Domain\DartTournament.Domain.csproj", "{9ACD90C8-DA9E-4F5F-BF11-8B28FE572E97}"
EndProject
Project("{9A19103F-16F7-4668-BE54-9A1E7A4F7556}") = "DartTournament.Application", "DartTournament.Application\DartTournament.Application.csproj", "{0C40B611-DD55-43FA-A298-EE7AFF0BB098}"
EndProject
Project("{9A19103F-16F7-4668-BE54-9A1E7A4F7556}") = "DartTournament.Infrastructure.JSON", "DartTournament.Infrastructure.JSON\DartTournament.Infrastructure.JSON.csproj", "{7F10853C-4CFC-470B-B59B-51AF502DDD02}"
EndProject
Project("{FAE04EC0-301F-11D3-BF4B-00C04F79EFBC}") = "DartTournament.UnitTest", "DartTournament.UnitTest\DartTournament.UnitTest.csproj", "{2CD2F1BA-2793-46AC-AF00-636783161CA7}"
EndProject
Project("{FAE04EC0-301F-11D3-BF4B-00C04F79EFBC}") = "DartTournament.WPF", "DartTournament.WPF\DartTournament.WPF.csproj", "{52499F39-BC9F-457B-B234-B8AE8A37B34F}"
EndProject
Project("{FAE04EC0-301F-11D3-BF4B-00C04F79EFBC}") = "DartTournament.Application.UnitTest", "DartTournament.Application.UnitTest\DartTournament.Application.UnitTest.csproj", "{DF3DF1CB-FED9-458C-BF3E-16D7DBDD67D5}"
EndProject
Project("{FAE04EC0-301F-11D3-BF4B-00C04F79EFBC}") = "DartTournament.Presentation.Base", "DartTournament.Presentation.Base\DartTournament.Presentation.Base.csproj", "{0D954ADA-1FE9-4B61-AE59-4EF5966C39F0}"
EndProject
Project("{FAE04EC0-301F-11D3-BF4B-00C04F79EFBC}") = "DartTournament.Presentation", "DartTournament.Presentation\DartTournament.Presentation.csproj", "{78966630-8AD8-4E54-AB5A-5C6F410EE92D}"
EndProject
Project("{FAE04EC0-301F-11D3-BF4B-00C04F79EFBC}") = "DartTournament.Application.DTO", "DartTournament.Application.DTO\DartTournament.Application.DTO.csproj", "{E6650E99-ECDA-40F0-97BF-593CFF5DDB9F}"
EndProject
Project("{FAE04EC0-301F-11D3-BF4B-00C04F79EFBC}") = "DartTournament.WPF.Test", "DartTournament.WPF.Test\DartTournament.WPF.Test.csproj", "{504EC239-6DF3-4B8F-81E3-34D39A017FE6}"
EndProject
Project("{FAE04EC0-301F-11D3-BF4B-00C04F79EFBC}") = "DartTournament.Helper", "DartTournament.Helper\DartTournament.Helper.csproj", "{52AF2C3B-B595-44DA-8315-28133DA6D462}"
EndProject
Project("{FAE04EC0-301F-11D3-BF4B-00C04F79EFBC}") = "DartTournament.Infrastructure.JSON.Test", "DartTournament.Infrastructure.JSON.Test\DartTournament.Infrastructure.JSON.Test.csproj", "{33A8C1F3-E0F2-486F-A22A-7BE34F78B20B}"
EndProject
Global
	GlobalSection(SolutionConfigurationPlatforms) = preSolution
		Debug|Any CPU = Debug|Any CPU
		Release|Any CPU = Release|Any CPU
	EndGlobalSection
	GlobalSection(ProjectConfigurationPlatforms) = postSolution
		{74AA28CA-D5EE-479A-A2DA-605D9A535D03}.Debug|Any CPU.ActiveCfg = Debug|Any CPU
		{74AA28CA-D5EE-479A-A2DA-605D9A535D03}.Debug|Any CPU.Build.0 = Debug|Any CPU
		{74AA28CA-D5EE-479A-A2DA-605D9A535D03}.Release|Any CPU.ActiveCfg = Release|Any CPU
		{74AA28CA-D5EE-479A-A2DA-605D9A535D03}.Release|Any CPU.Build.0 = Release|Any CPU
		{9ACD90C8-DA9E-4F5F-BF11-8B28FE572E97}.Debug|Any CPU.ActiveCfg = Debug|Any CPU
		{9ACD90C8-DA9E-4F5F-BF11-8B28FE572E97}.Debug|Any CPU.Build.0 = Debug|Any CPU
		{9ACD90C8-DA9E-4F5F-BF11-8B28FE572E97}.Release|Any CPU.ActiveCfg = Release|Any CPU
		{9ACD90C8-DA9E-4F5F-BF11-8B28FE572E97}.Release|Any CPU.Build.0 = Release|Any CPU
		{0C40B611-DD55-43FA-A298-EE7AFF0BB098}.Debug|Any CPU.ActiveCfg = Debug|Any CPU
		{0C40B611-DD55-43FA-A298-EE7AFF0BB098}.Debug|Any CPU.Build.0 = Debug|Any CPU
		{0C40B611-DD55-43FA-A298-EE7AFF0BB098}.Release|Any CPU.ActiveCfg = Release|Any CPU
		{0C40B611-DD55-43FA-A298-EE7AFF0BB098}.Release|Any CPU.Build.0 = Release|Any CPU
		{7F10853C-4CFC-470B-B59B-51AF502DDD02}.Debug|Any CPU.ActiveCfg = Debug|Any CPU
		{7F10853C-4CFC-470B-B59B-51AF502DDD02}.Debug|Any CPU.Build.0 = Debug|Any CPU
		{7F10853C-4CFC-470B-B59B-51AF502DDD02}.Release|Any CPU.ActiveCfg = Release|Any CPU
		{7F10853C-4CFC-470B-B59B-51AF502DDD02}.Release|Any CPU.Build.0 = Release|Any CPU
		{2CD2F1BA-2793-46AC-AF00-636783161CA7}.Debug|Any CPU.ActiveCfg = Debug|Any CPU
		{2CD2F1BA-2793-46AC-AF00-636783161CA7}.Debug|Any CPU.Build.0 = Debug|Any CPU
		{2CD2F1BA-2793-46AC-AF00-636783161CA7}.Release|Any CPU.ActiveCfg = Release|Any CPU
		{2CD2F1BA-2793-46AC-AF00-636783161CA7}.Release|Any CPU.Build.0 = Release|Any CPU
		{52499F39-BC9F-457B-B234-B8AE8A37B34F}.Debug|Any CPU.ActiveCfg = Debug|Any CPU
		{52499F39-BC9F-457B-B234-B8AE8A37B34F}.Debug|Any CPU.Build.0 = Debug|Any CPU
		{52499F39-BC9F-457B-B234-B8AE8A37B34F}.Release|Any CPU.ActiveCfg = Release|Any CPU
		{52499F39-BC9F-457B-B234-B8AE8A37B34F}.Release|Any CPU.Build.0 = Release|Any CPU
		{DF3DF1CB-FED9-458C-BF3E-16D7DBDD67D5}.Debug|Any CPU.ActiveCfg = Debug|Any CPU
		{DF3DF1CB-FED9-458C-BF3E-16D7DBDD67D5}.Debug|Any CPU.Build.0 = Debug|Any CPU
		{DF3DF1CB-FED9-458C-BF3E-16D7DBDD67D5}.Release|Any CPU.ActiveCfg = Release|Any CPU
		{DF3DF1CB-FED9-458C-BF3E-16D7DBDD67D5}.Release|Any CPU.Build.0 = Release|Any CPU
		{0D954ADA-1FE9-4B61-AE59-4EF5966C39F0}.Debug|Any CPU.ActiveCfg = Debug|Any CPU
		{0D954ADA-1FE9-4B61-AE59-4EF5966C39F0}.Debug|Any CPU.Build.0 = Debug|Any CPU
		{0D954ADA-1FE9-4B61-AE59-4EF5966C39F0}.Release|Any CPU.ActiveCfg = Release|Any CPU
		{0D954ADA-1FE9-4B61-AE59-4EF5966C39F0}.Release|Any CPU.Build.0 = Release|Any CPU
		{78966630-8AD8-4E54-AB5A-5C6F410EE92D}.Debug|Any CPU.ActiveCfg = Debug|Any CPU
		{78966630-8AD8-4E54-AB5A-5C6F410EE92D}.Debug|Any CPU.Build.0 = Debug|Any CPU
		{78966630-8AD8-4E54-AB5A-5C6F410EE92D}.Release|Any CPU.ActiveCfg = Release|Any CPU
		{78966630-8AD8-4E54-AB5A-5C6F410EE92D}.Release|Any CPU.Build.0 = Release|Any CPU
		{E6650E99-ECDA-40F0-97BF-593CFF5DDB9F}.Debug|Any CPU.ActiveCfg = Debug|Any CPU
		{E6650E99-ECDA-40F0-97BF-593CFF5DDB9F}.Debug|Any CPU.Build.0 = Debug|Any CPU
		{E6650E99-ECDA-40F0-97BF-593CFF5DDB9F}.Release|Any CPU.ActiveCfg = Release|Any CPU
		{E6650E99-ECDA-40F0-97BF-593CFF5DDB9F}.Release|Any CPU.Build.0 = Release|Any CPU
		{504EC239-6DF3-4B8F-81E3-34D39A017FE6}.Debug|Any CPU.ActiveCfg = Debug|x64
		{504EC239-6DF3-4B8F-81E3-34D39A017FE6}.Debug|Any CPU.Build.0 = Debug|x64
		{504EC239-6DF3-4B8F-81E3-34D39A017FE6}.Debug|Any CPU.Deploy.0 = Debug|x64
		{504EC239-6DF3-4B8F-81E3-34D39A017FE6}.Release|Any CPU.ActiveCfg = Release|x64
		{504EC239-6DF3-4B8F-81E3-34D39A017FE6}.Release|Any CPU.Build.0 = Release|x64
		{504EC239-6DF3-4B8F-81E3-34D39A017FE6}.Release|Any CPU.Deploy.0 = Release|x64
		{52AF2C3B-B595-44DA-8315-28133DA6D462}.Debug|Any CPU.ActiveCfg = Debug|Any CPU
		{52AF2C3B-B595-44DA-8315-28133DA6D462}.Debug|Any CPU.Build.0 = Debug|Any CPU
		{52AF2C3B-B595-44DA-8315-28133DA6D462}.Release|Any CPU.ActiveCfg = Release|Any CPU
		{52AF2C3B-B595-44DA-8315-28133DA6D462}.Release|Any CPU.Build.0 = Release|Any CPU
		{33A8C1F3-E0F2-486F-A22A-7BE34F78B20B}.Debug|Any CPU.ActiveCfg = Debug|Any CPU
		{33A8C1F3-E0F2-486F-A22A-7BE34F78B20B}.Debug|Any CPU.Build.0 = Debug|Any CPU
		{33A8C1F3-E0F2-486F-A22A-7BE34F78B20B}.Release|Any CPU.ActiveCfg = Release|Any CPU
		{33A8C1F3-E0F2-486F-A22A-7BE34F78B20B}.Release|Any CPU.Build.0 = Release|Any CPU
	EndGlobalSection
	GlobalSection(SolutionProperties) = preSolution
		HideSolutionNode = FALSE
	EndGlobalSection
	GlobalSection(ExtensibilityGlobals) = postSolution
		SolutionGuid = {3A4DAE69-8B75-4859-8F64-C817D5E607DE}
	EndGlobalSection
EndGlobal
